
Microsoft Visual Studio Solution File, Format Version 12.00
# Visual Studio Version 17
VisualStudioVersion = 17.12.35527.113 d17.12
MinimumVisualStudioVersion = 10.0.40219.1
Project("{8BC9CEB8-8B4A-11D0-8D11-00A0C91BC942}") = "Renderer", "Renderer.vcxproj", "{BEB8FBD6-B797-4FA2-91A5-8A75E7C708A2}"
EndProject
Global
	GlobalSection(SolutionConfigurationPlatforms) = preSolution
		Debug|x64 = Debug|x64
		Release|x64 = Release|x64
	EndGlobalSection
	GlobalSection(ProjectConfigurationPlatforms) = postSolution
		{BEB8FBD6-B797-4FA2-91A5-8A75E7C708A2}.Debug|x64.ActiveCfg = Debug|x64
		{BEB8FBD6-B797-4FA2-91A5-8A75E7C708A2}.Debug|x64.Build.0 = Debug|x64
		{BEB8FBD6-B797-4FA2-91A5-8A75E7C708A2}.Release|x64.ActiveCfg = Release|x64
		{BEB8FBD6-B797-4FA2-91A5-8A75E7C708A2}.Release|x64.Build.0 = Release|x64
	EndGlobalSection
	GlobalSection(SolutionProperties) = preSolution
		HideSolutionNode = FALSE
	EndGlobalSection
EndGlobal
